
Microsoft Visual Studio Solution File, Format Version 12.00
# Visual Studio Version 17
VisualStudioVersion = 17.0.31912.275
MinimumVisualStudioVersion = 10.0.40219.1
Project("{2150E333-8FDC-42A3-9474-1A3956D46DE8}") = "System", "System", "{3D84D4BB-313F-4F0C-91FA-234EEC1BF66C}"
EndProject
Project("{FAE04EC0-301F-11D3-BF4B-00C04F79EFBC}") = "EducationSystem.Domain", "EducationSystem.Domain\EducationSystem.Domain.csproj", "{A0AA9272-380C-421B-B450-65F72B9A33DE}"
EndProject
Project("{FAE04EC0-301F-11D3-BF4B-00C04F79EFBC}") = "EducationSystem.Application", "EducationSystem.Application\EducationSystem.Application.csproj", "{0A7522BB-3253-4668-8875-8970918DA603}"
EndProject
Project("{FAE04EC0-301F-11D3-BF4B-00C04F79EFBC}") = "EducationSystem.Infrastructure", "EducationSystem.Infrastructure\EducationSystem.Infrastructure.csproj", "{80F590B6-7CE5-4486-9954-F82C98FEC1A4}"
EndProject
Global
	GlobalSection(SolutionConfigurationPlatforms) = preSolution
		Debug|Any CPU = Debug|Any CPU
		Release|Any CPU = Release|Any CPU
	EndGlobalSection
	GlobalSection(ProjectConfigurationPlatforms) = postSolution
		{A0AA9272-380C-421B-B450-65F72B9A33DE}.Debug|Any CPU.ActiveCfg = Debug|Any CPU
		{A0AA9272-380C-421B-B450-65F72B9A33DE}.Debug|Any CPU.Build.0 = Debug|Any CPU
		{A0AA9272-380C-421B-B450-65F72B9A33DE}.Release|Any CPU.ActiveCfg = Release|Any CPU
		{A0AA9272-380C-421B-B450-65F72B9A33DE}.Release|Any CPU.Build.0 = Release|Any CPU
		{0A7522BB-3253-4668-8875-8970918DA603}.Debug|Any CPU.ActiveCfg = Debug|Any CPU
		{0A7522BB-3253-4668-8875-8970918DA603}.Debug|Any CPU.Build.0 = Debug|Any CPU
		{0A7522BB-3253-4668-8875-8970918DA603}.Release|Any CPU.ActiveCfg = Release|Any CPU
		{0A7522BB-3253-4668-8875-8970918DA603}.Release|Any CPU.Build.0 = Release|Any CPU
		{80F590B6-7CE5-4486-9954-F82C98FEC1A4}.Debug|Any CPU.ActiveCfg = Debug|Any CPU
		{80F590B6-7CE5-4486-9954-F82C98FEC1A4}.Debug|Any CPU.Build.0 = Debug|Any CPU
		{80F590B6-7CE5-4486-9954-F82C98FEC1A4}.Release|Any CPU.ActiveCfg = Release|Any CPU
		{80F590B6-7CE5-4486-9954-F82C98FEC1A4}.Release|Any CPU.Build.0 = Release|Any CPU
	EndGlobalSection
	GlobalSection(SolutionProperties) = preSolution
		HideSolutionNode = FALSE
	EndGlobalSection
	GlobalSection(NestedProjects) = preSolution
		{A0AA9272-380C-421B-B450-65F72B9A33DE} = {3D84D4BB-313F-4F0C-91FA-234EEC1BF66C}
		{0A7522BB-3253-4668-8875-8970918DA603} = {3D84D4BB-313F-4F0C-91FA-234EEC1BF66C}
		{80F590B6-7CE5-4486-9954-F82C98FEC1A4} = {3D84D4BB-313F-4F0C-91FA-234EEC1BF66C}
	EndGlobalSection
	GlobalSection(ExtensibilityGlobals) = postSolution
		SolutionGuid = {E69EA96E-18E4-4EEB-86E4-FE8ADC431D4C}
	EndGlobalSection
EndGlobal
